// !$*UTF8*$!
{
	archiveVersion = 1;
	classes = {
	};
	objectVersion = 51;
	objects = {

/* Begin PBXBuildFile section */
		A331B8B1255D2A2000C66A30 /* CreateCharaterCell.swift in Sources */ = {isa = PBXBuildFile; fileRef = A331B8AF255D2A2000C66A30 /* CreateCharaterCell.swift */; };
		A331B8B2255D2A2000C66A30 /* CreateCharaterCell.xib in Resources */ = {isa = PBXBuildFile; fileRef = A331B8B0255D2A2000C66A30 /* CreateCharaterCell.xib */; };
		A331B8B8255D46F000C66A30 /* CreateTextSizeCell.swift in Sources */ = {isa = PBXBuildFile; fileRef = A331B8B6255D46F000C66A30 /* CreateTextSizeCell.swift */; };
		A331B8B9255D46F000C66A30 /* CreateTextSizeCell.xib in Resources */ = {isa = PBXBuildFile; fileRef = A331B8B7255D46F000C66A30 /* CreateTextSizeCell.xib */; };
		A36020C42568075A00B499E9 /* BaseModel.swift in Sources */ = {isa = PBXBuildFile; fileRef = A36020C32568075A00B499E9 /* BaseModel.swift */; };
		A36021212568097A00B499E9 /* BaseAPI.swift in Sources */ = {isa = PBXBuildFile; fileRef = A36021202568097A00B499E9 /* BaseAPI.swift */; };
		A360212C2568164900B499E9 /* IconModel.swift in Sources */ = {isa = PBXBuildFile; fileRef = A360212B2568164900B499E9 /* IconModel.swift */; };
		A3660413255CF591006E8F38 /* HorizontalPickerView.swift in Sources */ = {isa = PBXBuildFile; fileRef = A3660412255CF591006E8F38 /* HorizontalPickerView.swift */; };
		A36C593E2568B94D00723936 /* EmptyModel.swift in Sources */ = {isa = PBXBuildFile; fileRef = A36C593D2568B94D00723936 /* EmptyModel.swift */; };
		A36C59422568BDED00723936 /* APIs.swift in Sources */ = {isa = PBXBuildFile; fileRef = A36C59412568BDED00723936 /* APIs.swift */; };
		A394CF59255C1FFE00C72F7B /* HomeHeaderCell.swift in Sources */ = {isa = PBXBuildFile; fileRef = A394CF57255C1FFE00C72F7B /* HomeHeaderCell.swift */; };
		A394CF5A255C1FFE00C72F7B /* HomeHeaderCell.xib in Resources */ = {isa = PBXBuildFile; fileRef = A394CF58255C1FFE00C72F7B /* HomeHeaderCell.xib */; };
		A394CF60255C206300C72F7B /* AmaticSC-Regular.ttf in Resources */ = {isa = PBXBuildFile; fileRef = A394CF5E255C206300C72F7B /* AmaticSC-Regular.ttf */; };
		A394CF61255C206300C72F7B /* AmaticSC-Bold.ttf in Resources */ = {isa = PBXBuildFile; fileRef = A394CF5F255C206300C72F7B /* AmaticSC-Bold.ttf */; };
		A394CF65255C222A00C72F7B /* HomeTitleCell.swift in Sources */ = {isa = PBXBuildFile; fileRef = A394CF63255C222A00C72F7B /* HomeTitleCell.swift */; };
		A394CF66255C222A00C72F7B /* HomeTitleCell.xib in Resources */ = {isa = PBXBuildFile; fileRef = A394CF64255C222A00C72F7B /* HomeTitleCell.xib */; };
		A394CF6A255C245400C72F7B /* HomeItemCell.swift in Sources */ = {isa = PBXBuildFile; fileRef = A394CF68255C245400C72F7B /* HomeItemCell.swift */; };
		A394CF6B255C245400C72F7B /* HomeItemCell.xib in Resources */ = {isa = PBXBuildFile; fileRef = A394CF69255C245400C72F7B /* HomeItemCell.xib */; };
		A394CF72255C478E00C72F7B /* CreateVC.swift in Sources */ = {isa = PBXBuildFile; fileRef = A394CF71255C478E00C72F7B /* CreateVC.swift */; };
		A39EEA59255EDE3A00981F62 /* SettingItemCell.swift in Sources */ = {isa = PBXBuildFile; fileRef = A39EEA57255EDE3A00981F62 /* SettingItemCell.swift */; };
		A39EEA5A255EDE3A00981F62 /* SettingItemCell.xib in Resources */ = {isa = PBXBuildFile; fileRef = A39EEA58255EDE3A00981F62 /* SettingItemCell.xib */; };
		A39EEA5F255EDFF300981F62 /* SettingPremiumCell.swift in Sources */ = {isa = PBXBuildFile; fileRef = A39EEA5D255EDFF300981F62 /* SettingPremiumCell.swift */; };
		A39EEA60255EDFF300981F62 /* SettingPremiumCell.xib in Resources */ = {isa = PBXBuildFile; fileRef = A39EEA5E255EDFF300981F62 /* SettingPremiumCell.xib */; };
		A39EEA68255EF3FD00981F62 /* SF-Pro-Text-Heavy.otf in Resources */ = {isa = PBXBuildFile; fileRef = A39EEA63255EF3FC00981F62 /* SF-Pro-Text-Heavy.otf */; };
		A39EEA69255EF3FD00981F62 /* SF-Pro-Text-Medium.otf in Resources */ = {isa = PBXBuildFile; fileRef = A39EEA64255EF3FC00981F62 /* SF-Pro-Text-Medium.otf */; };
		A39EEA6A255EF3FD00981F62 /* SF-Pro-Text-Semibold.otf in Resources */ = {isa = PBXBuildFile; fileRef = A39EEA65255EF3FC00981F62 /* SF-Pro-Text-Semibold.otf */; };
		A39EEA6B255EF3FD00981F62 /* SF-Pro-Text-Bold.otf in Resources */ = {isa = PBXBuildFile; fileRef = A39EEA66255EF3FD00981F62 /* SF-Pro-Text-Bold.otf */; };
		A39EEA6C255EF3FD00981F62 /* SF-Pro-Text-Regular.otf in Resources */ = {isa = PBXBuildFile; fileRef = A39EEA67255EF3FD00981F62 /* SF-Pro-Text-Regular.otf */; };
		A3A22698256AC29400F8FA8F /* Utils.swift in Sources */ = {isa = PBXBuildFile; fileRef = A3A22697256AC29400F8FA8F /* Utils.swift */; };
		A3A226B8256C118E00F8FA8F /* CrimsonText-Bold.ttf in Resources */ = {isa = PBXBuildFile; fileRef = A3A226A0256C118C00F8FA8F /* CrimsonText-Bold.ttf */; };
		A3A226B9256C118E00F8FA8F /* Courgette-Regular.ttf in Resources */ = {isa = PBXBuildFile; fileRef = A3A226A1256C118C00F8FA8F /* Courgette-Regular.ttf */; };
		A3A226BA256C118E00F8FA8F /* Montserrat-Regular.ttf in Resources */ = {isa = PBXBuildFile; fileRef = A3A226A2256C118C00F8FA8F /* Montserrat-Regular.ttf */; };
		A3A226BB256C118E00F8FA8F /* CircularStd-Book.otf in Resources */ = {isa = PBXBuildFile; fileRef = A3A226A3256C118C00F8FA8F /* CircularStd-Book.otf */; };
		A3A226BC256C118E00F8FA8F /* Pangolin-Regular.ttf in Resources */ = {isa = PBXBuildFile; fileRef = A3A226A4256C118D00F8FA8F /* Pangolin-Regular.ttf */; };
		A3A226BD256C118E00F8FA8F /* Hello Valentina.ttf in Resources */ = {isa = PBXBuildFile; fileRef = A3A226A5256C118D00F8FA8F /* Hello Valentina.ttf */; };
		A3A226BE256C118E00F8FA8F /* GoogleSans-Medium.otf in Resources */ = {isa = PBXBuildFile; fileRef = A3A226A6256C118D00F8FA8F /* GoogleSans-Medium.otf */; };
		A3A226BF256C118E00F8FA8F /* SalesforceSans-Bold.ttf in Resources */ = {isa = PBXBuildFile; fileRef = A3A226A7256C118D00F8FA8F /* SalesforceSans-Bold.ttf */; };
		A3A226C0256C118E00F8FA8F /* Neucha-Regular.ttf in Resources */ = {isa = PBXBuildFile; fileRef = A3A226A8256C118D00F8FA8F /* Neucha-Regular.ttf */; };
		A3A226C1256C118E00F8FA8F /* Satisfy-Regular.ttf in Resources */ = {isa = PBXBuildFile; fileRef = A3A226A9256C118D00F8FA8F /* Satisfy-Regular.ttf */; };
		A3A226C2256C118E00F8FA8F /* Sparkle Dream.ttf in Resources */ = {isa = PBXBuildFile; fileRef = A3A226AA256C118D00F8FA8F /* Sparkle Dream.ttf */; };
		A3A226C3256C118E00F8FA8F /* GochiHand-Regular.ttf in Resources */ = {isa = PBXBuildFile; fileRef = A3A226AB256C118D00F8FA8F /* GochiHand-Regular.ttf */; };
		A3A226C4256C118E00F8FA8F /* Montserrat-Bold.ttf in Resources */ = {isa = PBXBuildFile; fileRef = A3A226AC256C118D00F8FA8F /* Montserrat-Bold.ttf */; };
		A3A226C5256C118E00F8FA8F /* Martel-Regular.ttf in Resources */ = {isa = PBXBuildFile; fileRef = A3A226AD256C118D00F8FA8F /* Martel-Regular.ttf */; };
		A3A226C6256C118E00F8FA8F /* r0c0i - Linotte Bold.ttf in Resources */ = {isa = PBXBuildFile; fileRef = A3A226AE256C118E00F8FA8F /* r0c0i - Linotte Bold.ttf */; };
		A3A226C7256C118E00F8FA8F /* Nunito-Regular.ttf in Resources */ = {isa = PBXBuildFile; fileRef = A3A226AF256C118E00F8FA8F /* Nunito-Regular.ttf */; };
		A3A226C8256C118E00F8FA8F /* PermanentMarker-Regular.ttf in Resources */ = {isa = PBXBuildFile; fileRef = A3A226B0256C118E00F8FA8F /* PermanentMarker-Regular.ttf */; };
		A3A226C9256C118E00F8FA8F /* DavidLibre-Bold.ttf in Resources */ = {isa = PBXBuildFile; fileRef = A3A226B1256C118E00F8FA8F /* DavidLibre-Bold.ttf */; };
		A3A226CA256C118E00F8FA8F /* Roundo-Regular.ttf in Resources */ = {isa = PBXBuildFile; fileRef = A3A226B2256C118E00F8FA8F /* Roundo-Regular.ttf */; };
		A3A226CB256C118E00F8FA8F /* Cardo-Bold.ttf in Resources */ = {isa = PBXBuildFile; fileRef = A3A226B3256C118E00F8FA8F /* Cardo-Bold.ttf */; };
		A3A226CC256C118E00F8FA8F /* LibreBaskerville-Regular.ttf in Resources */ = {isa = PBXBuildFile; fileRef = A3A226B4256C118E00F8FA8F /* LibreBaskerville-Regular.ttf */; };
		A3A226CD256C118E00F8FA8F /* GloriaHallelujah-Regular.ttf in Resources */ = {isa = PBXBuildFile; fileRef = A3A226B5256C118E00F8FA8F /* GloriaHallelujah-Regular.ttf */; };
		A3A226CE256C118E00F8FA8F /* Baskerville.ttc in Resources */ = {isa = PBXBuildFile; fileRef = A3A226B6256C118E00F8FA8F /* Baskerville.ttc */; };
		A3ADC8342562D95B00E38E46 /* CreateTextColorCell.swift in Sources */ = {isa = PBXBuildFile; fileRef = A3ADC8322562D95B00E38E46 /* CreateTextColorCell.swift */; };
		A3ADC8352562D95B00E38E46 /* CreateTextColorCell.xib in Resources */ = {isa = PBXBuildFile; fileRef = A3ADC8332562D95B00E38E46 /* CreateTextColorCell.xib */; };
		A3ADC83B2564248700E38E46 /* CreateTextFontCell.swift in Sources */ = {isa = PBXBuildFile; fileRef = A3ADC8392564248700E38E46 /* CreateTextFontCell.swift */; };
		A3ADC83C2564248700E38E46 /* CreateTextFontCell.xib in Resources */ = {isa = PBXBuildFile; fileRef = A3ADC83A2564248700E38E46 /* CreateTextFontCell.xib */; };
		A3ADC842256431AB00E38E46 /* CreateLineCell.swift in Sources */ = {isa = PBXBuildFile; fileRef = A3ADC840256431AB00E38E46 /* CreateLineCell.swift */; };
		A3ADC843256431AB00E38E46 /* CreateLineCell.xib in Resources */ = {isa = PBXBuildFile; fileRef = A3ADC841256431AB00E38E46 /* CreateLineCell.xib */; };
		A3ADC84C25657C1900E38E46 /* CreateBorderSizeCell.swift in Sources */ = {isa = PBXBuildFile; fileRef = A3ADC84A25657C1900E38E46 /* CreateBorderSizeCell.swift */; };
		A3ADC84D25657C1900E38E46 /* CreateBorderSizeCell.xib in Resources */ = {isa = PBXBuildFile; fileRef = A3ADC84B25657C1900E38E46 /* CreateBorderSizeCell.xib */; };
		A3ADC85225657D1800E38E46 /* CreateBorderHeaderCell.swift in Sources */ = {isa = PBXBuildFile; fileRef = A3ADC85025657D1800E38E46 /* CreateBorderHeaderCell.swift */; };
		A3ADC85325657D1900E38E46 /* CreateBorderHeaderCell.xib in Resources */ = {isa = PBXBuildFile; fileRef = A3ADC85125657D1800E38E46 /* CreateBorderHeaderCell.xib */; };
		A3ADC8572565879900E38E46 /* ResultView.swift in Sources */ = {isa = PBXBuildFile; fileRef = A3ADC8562565879900E38E46 /* ResultView.swift */; };
		A3ADC85B256587A400E38E46 /* ResultView.xib in Resources */ = {isa = PBXBuildFile; fileRef = A3ADC85A256587A400E38E46 /* ResultView.xib */; };
		A3ADC8C72566BA7100E38E46 /* PremiumVC.swift in Sources */ = {isa = PBXBuildFile; fileRef = A3ADC8C62566BA7100E38E46 /* PremiumVC.swift */; };
		A3BBC2FE255AF82E0092CFBE /* AppDelegate.swift in Sources */ = {isa = PBXBuildFile; fileRef = A3BBC2FD255AF82E0092CFBE /* AppDelegate.swift */; };
		A3BBC300255AF82E0092CFBE /* SceneDelegate.swift in Sources */ = {isa = PBXBuildFile; fileRef = A3BBC2FF255AF82E0092CFBE /* SceneDelegate.swift */; };
		A3BBC305255AF82E0092CFBE /* Main.storyboard in Resources */ = {isa = PBXBuildFile; fileRef = A3BBC303255AF82E0092CFBE /* Main.storyboard */; };
		A3BBC307255AF82F0092CFBE /* Assets.xcassets in Resources */ = {isa = PBXBuildFile; fileRef = A3BBC306255AF82F0092CFBE /* Assets.xcassets */; };
		A3BBC30A255AF82F0092CFBE /* LaunchScreen.storyboard in Resources */ = {isa = PBXBuildFile; fileRef = A3BBC308255AF82F0092CFBE /* LaunchScreen.storyboard */; };
		A3BBC326255AFA1A0092CFBE /* HomeVC.swift in Sources */ = {isa = PBXBuildFile; fileRef = A3BBC325255AFA1A0092CFBE /* HomeVC.swift */; };
		A3BBC329255AFA280092CFBE /* WallpaperVC.swift in Sources */ = {isa = PBXBuildFile; fileRef = A3BBC328255AFA280092CFBE /* WallpaperVC.swift */; };
		A3BBC32C255AFA330092CFBE /* StickerVC.swift in Sources */ = {isa = PBXBuildFile; fileRef = A3BBC32B255AFA320092CFBE /* StickerVC.swift */; };
		A3BBC32F255AFA430092CFBE /* SettingVC.swift in Sources */ = {isa = PBXBuildFile; fileRef = A3BBC32E255AFA430092CFBE /* SettingVC.swift */; };
		A3BBC332255AFA730092CFBE /* BaseVC.swift in Sources */ = {isa = PBXBuildFile; fileRef = A3BBC331255AFA730092CFBE /* BaseVC.swift */; };
		A3BBC335255AFA8D0092CFBE /* BaseTabbar.swift in Sources */ = {isa = PBXBuildFile; fileRef = A3BBC334255AFA8D0092CFBE /* BaseTabbar.swift */; };
		A3BBC347255AFB350092CFBE /* IBDesignable+Ext.swift in Sources */ = {isa = PBXBuildFile; fileRef = A3BBC338255AFB350092CFBE /* IBDesignable+Ext.swift */; };
		A3BBC348255AFB350092CFBE /* UITabbarItem+Ext.swift in Sources */ = {isa = PBXBuildFile; fileRef = A3BBC339255AFB350092CFBE /* UITabbarItem+Ext.swift */; };
		A3BBC349255AFB350092CFBE /* UIFont+Ext.swift in Sources */ = {isa = PBXBuildFile; fileRef = A3BBC33A255AFB350092CFBE /* UIFont+Ext.swift */; };
		A3BBC34A255AFB350092CFBE /* UIApplication+Ext.swift in Sources */ = {isa = PBXBuildFile; fileRef = A3BBC33B255AFB350092CFBE /* UIApplication+Ext.swift */; };
		A3BBC34B255AFB350092CFBE /* UITextView+Ext.swift in Sources */ = {isa = PBXBuildFile; fileRef = A3BBC33C255AFB350092CFBE /* UITextView+Ext.swift */; };
		A3BBC34C255AFB350092CFBE /* UIImage+Ext.swift in Sources */ = {isa = PBXBuildFile; fileRef = A3BBC33D255AFB350092CFBE /* UIImage+Ext.swift */; };
		A3BBC34E255AFB350092CFBE /* Font+Ext.swift in Sources */ = {isa = PBXBuildFile; fileRef = A3BBC33F255AFB350092CFBE /* Font+Ext.swift */; };
		A3BBC34F255AFB350092CFBE /* String+Ext.swift in Sources */ = {isa = PBXBuildFile; fileRef = A3BBC340255AFB350092CFBE /* String+Ext.swift */; };
		A3BBC350255AFB350092CFBE /* UIColor+Ext.swift in Sources */ = {isa = PBXBuildFile; fileRef = A3BBC341255AFB350092CFBE /* UIColor+Ext.swift */; };
		A3BBC351255AFB350092CFBE /* Color+Ext.swift in Sources */ = {isa = PBXBuildFile; fileRef = A3BBC342255AFB350092CFBE /* Color+Ext.swift */; };
		A3BBC352255AFB350092CFBE /* CAAnimation+Ext.swift in Sources */ = {isa = PBXBuildFile; fileRef = A3BBC343255AFB350092CFBE /* CAAnimation+Ext.swift */; };
		A3BBC353255AFB350092CFBE /* UserDefaults+Ext.swift in Sources */ = {isa = PBXBuildFile; fileRef = A3BBC344255AFB350092CFBE /* UserDefaults+Ext.swift */; };
		A3BBC354255AFB350092CFBE /* UIViewController+Ext.swift in Sources */ = {isa = PBXBuildFile; fileRef = A3BBC345255AFB350092CFBE /* UIViewController+Ext.swift */; };
		A3BBC355255AFB350092CFBE /* UIView+Ext.swift in Sources */ = {isa = PBXBuildFile; fileRef = A3BBC346255AFB350092CFBE /* UIView+Ext.swift */; };
		A3BBC359255AFB5A0092CFBE /* Constants.swift in Sources */ = {isa = PBXBuildFile; fileRef = A3BBC358255AFB5A0092CFBE /* Constants.swift */; };
		A3BBC35D255AFBA20092CFBE /* BaseNV.swift in Sources */ = {isa = PBXBuildFile; fileRef = A3BBC35C255AFBA20092CFBE /* BaseNV.swift */; };
		FD2A0FC251884B631CB00B37 /* Pods_AmongUs.framework in Frameworks */ = {isa = PBXBuildFile; fileRef = E7066E9FC30ED7BA54B39C03 /* Pods_AmongUs.framework */; };
/* End PBXBuildFile section */

/* Begin PBXFileReference section */
		09CAAD2D0D7124DA14EA0445 /* Pods-AmongUs.debug.xcconfig */ = {isa = PBXFileReference; includeInIndex = 1; lastKnownFileType = text.xcconfig; name = "Pods-AmongUs.debug.xcconfig"; path = "Target Support Files/Pods-AmongUs/Pods-AmongUs.debug.xcconfig"; sourceTree = "<group>"; };
		A331B8AF255D2A2000C66A30 /* CreateCharaterCell.swift */ = {isa = PBXFileReference; lastKnownFileType = sourcecode.swift; path = CreateCharaterCell.swift; sourceTree = "<group>"; };
		A331B8B0255D2A2000C66A30 /* CreateCharaterCell.xib */ = {isa = PBXFileReference; lastKnownFileType = file.xib; path = CreateCharaterCell.xib; sourceTree = "<group>"; };
		A331B8B6255D46F000C66A30 /* CreateTextSizeCell.swift */ = {isa = PBXFileReference; lastKnownFileType = sourcecode.swift; path = CreateTextSizeCell.swift; sourceTree = "<group>"; };
		A331B8B7255D46F000C66A30 /* CreateTextSizeCell.xib */ = {isa = PBXFileReference; lastKnownFileType = file.xib; path = CreateTextSizeCell.xib; sourceTree = "<group>"; };
		A36020C32568075A00B499E9 /* BaseModel.swift */ = {isa = PBXFileReference; lastKnownFileType = sourcecode.swift; path = BaseModel.swift; sourceTree = "<group>"; };
		A36021202568097A00B499E9 /* BaseAPI.swift */ = {isa = PBXFileReference; lastKnownFileType = sourcecode.swift; path = BaseAPI.swift; sourceTree = "<group>"; };
		A360212B2568164900B499E9 /* IconModel.swift */ = {isa = PBXFileReference; lastKnownFileType = sourcecode.swift; path = IconModel.swift; sourceTree = "<group>"; };
		A3660412255CF591006E8F38 /* HorizontalPickerView.swift */ = {isa = PBXFileReference; lastKnownFileType = sourcecode.swift; path = HorizontalPickerView.swift; sourceTree = "<group>"; };
		A36C593D2568B94D00723936 /* EmptyModel.swift */ = {isa = PBXFileReference; lastKnownFileType = sourcecode.swift; path = EmptyModel.swift; sourceTree = "<group>"; };
		A36C59412568BDED00723936 /* APIs.swift */ = {isa = PBXFileReference; lastKnownFileType = sourcecode.swift; path = APIs.swift; sourceTree = "<group>"; };
		A394CF57255C1FFE00C72F7B /* HomeHeaderCell.swift */ = {isa = PBXFileReference; lastKnownFileType = sourcecode.swift; path = HomeHeaderCell.swift; sourceTree = "<group>"; };
		A394CF58255C1FFE00C72F7B /* HomeHeaderCell.xib */ = {isa = PBXFileReference; lastKnownFileType = file.xib; path = HomeHeaderCell.xib; sourceTree = "<group>"; };
		A394CF5E255C206300C72F7B /* AmaticSC-Regular.ttf */ = {isa = PBXFileReference; lastKnownFileType = file; path = "AmaticSC-Regular.ttf"; sourceTree = "<group>"; };
		A394CF5F255C206300C72F7B /* AmaticSC-Bold.ttf */ = {isa = PBXFileReference; lastKnownFileType = file; path = "AmaticSC-Bold.ttf"; sourceTree = "<group>"; };
		A394CF63255C222A00C72F7B /* HomeTitleCell.swift */ = {isa = PBXFileReference; lastKnownFileType = sourcecode.swift; path = HomeTitleCell.swift; sourceTree = "<group>"; };
		A394CF64255C222A00C72F7B /* HomeTitleCell.xib */ = {isa = PBXFileReference; lastKnownFileType = file.xib; path = HomeTitleCell.xib; sourceTree = "<group>"; };
		A394CF68255C245400C72F7B /* HomeItemCell.swift */ = {isa = PBXFileReference; lastKnownFileType = sourcecode.swift; path = HomeItemCell.swift; sourceTree = "<group>"; };
		A394CF69255C245400C72F7B /* HomeItemCell.xib */ = {isa = PBXFileReference; lastKnownFileType = file.xib; path = HomeItemCell.xib; sourceTree = "<group>"; };
		A394CF71255C478E00C72F7B /* CreateVC.swift */ = {isa = PBXFileReference; lastKnownFileType = sourcecode.swift; path = CreateVC.swift; sourceTree = "<group>"; };
		A39EEA57255EDE3A00981F62 /* SettingItemCell.swift */ = {isa = PBXFileReference; lastKnownFileType = sourcecode.swift; path = SettingItemCell.swift; sourceTree = "<group>"; };
		A39EEA58255EDE3A00981F62 /* SettingItemCell.xib */ = {isa = PBXFileReference; lastKnownFileType = file.xib; path = SettingItemCell.xib; sourceTree = "<group>"; };
		A39EEA5D255EDFF300981F62 /* SettingPremiumCell.swift */ = {isa = PBXFileReference; lastKnownFileType = sourcecode.swift; path = SettingPremiumCell.swift; sourceTree = "<group>"; };
		A39EEA5E255EDFF300981F62 /* SettingPremiumCell.xib */ = {isa = PBXFileReference; lastKnownFileType = file.xib; path = SettingPremiumCell.xib; sourceTree = "<group>"; };
		A39EEA63255EF3FC00981F62 /* SF-Pro-Text-Heavy.otf */ = {isa = PBXFileReference; lastKnownFileType = file; path = "SF-Pro-Text-Heavy.otf"; sourceTree = "<group>"; };
		A39EEA64255EF3FC00981F62 /* SF-Pro-Text-Medium.otf */ = {isa = PBXFileReference; lastKnownFileType = file; path = "SF-Pro-Text-Medium.otf"; sourceTree = "<group>"; };
		A39EEA65255EF3FC00981F62 /* SF-Pro-Text-Semibold.otf */ = {isa = PBXFileReference; lastKnownFileType = file; path = "SF-Pro-Text-Semibold.otf"; sourceTree = "<group>"; };
		A39EEA66255EF3FD00981F62 /* SF-Pro-Text-Bold.otf */ = {isa = PBXFileReference; lastKnownFileType = file; path = "SF-Pro-Text-Bold.otf"; sourceTree = "<group>"; };
		A39EEA67255EF3FD00981F62 /* SF-Pro-Text-Regular.otf */ = {isa = PBXFileReference; lastKnownFileType = file; path = "SF-Pro-Text-Regular.otf"; sourceTree = "<group>"; };
		A3A22697256AC29400F8FA8F /* Utils.swift */ = {isa = PBXFileReference; lastKnownFileType = sourcecode.swift; path = Utils.swift; sourceTree = "<group>"; };
		A3A226A0256C118C00F8FA8F /* CrimsonText-Bold.ttf */ = {isa = PBXFileReference; lastKnownFileType = file; path = "CrimsonText-Bold.ttf"; sourceTree = "<group>"; };
		A3A226A1256C118C00F8FA8F /* Courgette-Regular.ttf */ = {isa = PBXFileReference; lastKnownFileType = file; path = "Courgette-Regular.ttf"; sourceTree = "<group>"; };
		A3A226A2256C118C00F8FA8F /* Montserrat-Regular.ttf */ = {isa = PBXFileReference; lastKnownFileType = file; path = "Montserrat-Regular.ttf"; sourceTree = "<group>"; };
		A3A226A3256C118C00F8FA8F /* CircularStd-Book.otf */ = {isa = PBXFileReference; lastKnownFileType = file; path = "CircularStd-Book.otf"; sourceTree = "<group>"; };
		A3A226A4256C118D00F8FA8F /* Pangolin-Regular.ttf */ = {isa = PBXFileReference; lastKnownFileType = file; path = "Pangolin-Regular.ttf"; sourceTree = "<group>"; };
		A3A226A5256C118D00F8FA8F /* Hello Valentina.ttf */ = {isa = PBXFileReference; lastKnownFileType = file; path = "Hello Valentina.ttf"; sourceTree = "<group>"; };
		A3A226A6256C118D00F8FA8F /* GoogleSans-Medium.otf */ = {isa = PBXFileReference; lastKnownFileType = file; path = "GoogleSans-Medium.otf"; sourceTree = "<group>"; };
		A3A226A7256C118D00F8FA8F /* SalesforceSans-Bold.ttf */ = {isa = PBXFileReference; lastKnownFileType = file; path = "SalesforceSans-Bold.ttf"; sourceTree = "<group>"; };
		A3A226A8256C118D00F8FA8F /* Neucha-Regular.ttf */ = {isa = PBXFileReference; lastKnownFileType = file; path = "Neucha-Regular.ttf"; sourceTree = "<group>"; };
		A3A226A9256C118D00F8FA8F /* Satisfy-Regular.ttf */ = {isa = PBXFileReference; lastKnownFileType = file; path = "Satisfy-Regular.ttf"; sourceTree = "<group>"; };
		A3A226AA256C118D00F8FA8F /* Sparkle Dream.ttf */ = {isa = PBXFileReference; lastKnownFileType = file; path = "Sparkle Dream.ttf"; sourceTree = "<group>"; };
		A3A226AB256C118D00F8FA8F /* GochiHand-Regular.ttf */ = {isa = PBXFileReference; lastKnownFileType = file; path = "GochiHand-Regular.ttf"; sourceTree = "<group>"; };
		A3A226AC256C118D00F8FA8F /* Montserrat-Bold.ttf */ = {isa = PBXFileReference; lastKnownFileType = file; path = "Montserrat-Bold.ttf"; sourceTree = "<group>"; };
		A3A226AD256C118D00F8FA8F /* Martel-Regular.ttf */ = {isa = PBXFileReference; lastKnownFileType = file; path = "Martel-Regular.ttf"; sourceTree = "<group>"; };
		A3A226AE256C118E00F8FA8F /* r0c0i - Linotte Bold.ttf */ = {isa = PBXFileReference; lastKnownFileType = file; path = "r0c0i - Linotte Bold.ttf"; sourceTree = "<group>"; };
		A3A226AF256C118E00F8FA8F /* Nunito-Regular.ttf */ = {isa = PBXFileReference; lastKnownFileType = file; path = "Nunito-Regular.ttf"; sourceTree = "<group>"; };
		A3A226B0256C118E00F8FA8F /* PermanentMarker-Regular.ttf */ = {isa = PBXFileReference; lastKnownFileType = file; path = "PermanentMarker-Regular.ttf"; sourceTree = "<group>"; };
		A3A226B1256C118E00F8FA8F /* DavidLibre-Bold.ttf */ = {isa = PBXFileReference; lastKnownFileType = file; path = "DavidLibre-Bold.ttf"; sourceTree = "<group>"; };
		A3A226B2256C118E00F8FA8F /* Roundo-Regular.ttf */ = {isa = PBXFileReference; lastKnownFileType = file; path = "Roundo-Regular.ttf"; sourceTree = "<group>"; };
		A3A226B3256C118E00F8FA8F /* Cardo-Bold.ttf */ = {isa = PBXFileReference; lastKnownFileType = file; path = "Cardo-Bold.ttf"; sourceTree = "<group>"; };
		A3A226B4256C118E00F8FA8F /* LibreBaskerville-Regular.ttf */ = {isa = PBXFileReference; lastKnownFileType = file; path = "LibreBaskerville-Regular.ttf"; sourceTree = "<group>"; };
		A3A226B5256C118E00F8FA8F /* GloriaHallelujah-Regular.ttf */ = {isa = PBXFileReference; lastKnownFileType = file; path = "GloriaHallelujah-Regular.ttf"; sourceTree = "<group>"; };
		A3A226B6256C118E00F8FA8F /* Baskerville.ttc */ = {isa = PBXFileReference; lastKnownFileType = file; path = Baskerville.ttc; sourceTree = "<group>"; };
		A3ADC8322562D95B00E38E46 /* CreateTextColorCell.swift */ = {isa = PBXFileReference; lastKnownFileType = sourcecode.swift; path = CreateTextColorCell.swift; sourceTree = "<group>"; };
		A3ADC8332562D95B00E38E46 /* CreateTextColorCell.xib */ = {isa = PBXFileReference; lastKnownFileType = file.xib; path = CreateTextColorCell.xib; sourceTree = "<group>"; };
		A3ADC8392564248700E38E46 /* CreateTextFontCell.swift */ = {isa = PBXFileReference; lastKnownFileType = sourcecode.swift; path = CreateTextFontCell.swift; sourceTree = "<group>"; };
		A3ADC83A2564248700E38E46 /* CreateTextFontCell.xib */ = {isa = PBXFileReference; lastKnownFileType = file.xib; path = CreateTextFontCell.xib; sourceTree = "<group>"; };
		A3ADC840256431AB00E38E46 /* CreateLineCell.swift */ = {isa = PBXFileReference; lastKnownFileType = sourcecode.swift; path = CreateLineCell.swift; sourceTree = "<group>"; };
		A3ADC841256431AB00E38E46 /* CreateLineCell.xib */ = {isa = PBXFileReference; lastKnownFileType = file.xib; path = CreateLineCell.xib; sourceTree = "<group>"; };
		A3ADC84A25657C1900E38E46 /* CreateBorderSizeCell.swift */ = {isa = PBXFileReference; lastKnownFileType = sourcecode.swift; path = CreateBorderSizeCell.swift; sourceTree = "<group>"; };
		A3ADC84B25657C1900E38E46 /* CreateBorderSizeCell.xib */ = {isa = PBXFileReference; lastKnownFileType = file.xib; path = CreateBorderSizeCell.xib; sourceTree = "<group>"; };
		A3ADC85025657D1800E38E46 /* CreateBorderHeaderCell.swift */ = {isa = PBXFileReference; lastKnownFileType = sourcecode.swift; path = CreateBorderHeaderCell.swift; sourceTree = "<group>"; };
		A3ADC85125657D1800E38E46 /* CreateBorderHeaderCell.xib */ = {isa = PBXFileReference; lastKnownFileType = file.xib; path = CreateBorderHeaderCell.xib; sourceTree = "<group>"; };
		A3ADC8562565879900E38E46 /* ResultView.swift */ = {isa = PBXFileReference; lastKnownFileType = sourcecode.swift; path = ResultView.swift; sourceTree = "<group>"; };
		A3ADC85A256587A400E38E46 /* ResultView.xib */ = {isa = PBXFileReference; lastKnownFileType = file.xib; path = ResultView.xib; sourceTree = "<group>"; };
		A3ADC8C62566BA7100E38E46 /* PremiumVC.swift */ = {isa = PBXFileReference; lastKnownFileType = sourcecode.swift; path = PremiumVC.swift; sourceTree = "<group>"; };
		A3BBC2FA255AF82E0092CFBE /* AmongUs.app */ = {isa = PBXFileReference; explicitFileType = wrapper.application; includeInIndex = 0; path = AmongUs.app; sourceTree = BUILT_PRODUCTS_DIR; };
		A3BBC2FD255AF82E0092CFBE /* AppDelegate.swift */ = {isa = PBXFileReference; lastKnownFileType = sourcecode.swift; path = AppDelegate.swift; sourceTree = "<group>"; };
		A3BBC2FF255AF82E0092CFBE /* SceneDelegate.swift */ = {isa = PBXFileReference; lastKnownFileType = sourcecode.swift; path = SceneDelegate.swift; sourceTree = "<group>"; };
		A3BBC304255AF82E0092CFBE /* Base */ = {isa = PBXFileReference; lastKnownFileType = file.storyboard; name = Base; path = Base.lproj/Main.storyboard; sourceTree = "<group>"; };
		A3BBC306255AF82F0092CFBE /* Assets.xcassets */ = {isa = PBXFileReference; lastKnownFileType = folder.assetcatalog; path = Assets.xcassets; sourceTree = "<group>"; };
		A3BBC309255AF82F0092CFBE /* Base */ = {isa = PBXFileReference; lastKnownFileType = file.storyboard; name = Base; path = Base.lproj/LaunchScreen.storyboard; sourceTree = "<group>"; };
		A3BBC30B255AF82F0092CFBE /* Info.plist */ = {isa = PBXFileReference; lastKnownFileType = text.plist.xml; path = Info.plist; sourceTree = "<group>"; };
		A3BBC325255AFA1A0092CFBE /* HomeVC.swift */ = {isa = PBXFileReference; lastKnownFileType = sourcecode.swift; path = HomeVC.swift; sourceTree = "<group>"; };
		A3BBC328255AFA280092CFBE /* WallpaperVC.swift */ = {isa = PBXFileReference; lastKnownFileType = sourcecode.swift; path = WallpaperVC.swift; sourceTree = "<group>"; };
		A3BBC32B255AFA320092CFBE /* StickerVC.swift */ = {isa = PBXFileReference; lastKnownFileType = sourcecode.swift; path = StickerVC.swift; sourceTree = "<group>"; };
		A3BBC32E255AFA430092CFBE /* SettingVC.swift */ = {isa = PBXFileReference; lastKnownFileType = sourcecode.swift; path = SettingVC.swift; sourceTree = "<group>"; };
		A3BBC331255AFA730092CFBE /* BaseVC.swift */ = {isa = PBXFileReference; lastKnownFileType = sourcecode.swift; path = BaseVC.swift; sourceTree = "<group>"; };
		A3BBC334255AFA8D0092CFBE /* BaseTabbar.swift */ = {isa = PBXFileReference; lastKnownFileType = sourcecode.swift; path = BaseTabbar.swift; sourceTree = "<group>"; };
		A3BBC338255AFB350092CFBE /* IBDesignable+Ext.swift */ = {isa = PBXFileReference; fileEncoding = 4; lastKnownFileType = sourcecode.swift; path = "IBDesignable+Ext.swift"; sourceTree = "<group>"; };
		A3BBC339255AFB350092CFBE /* UITabbarItem+Ext.swift */ = {isa = PBXFileReference; fileEncoding = 4; lastKnownFileType = sourcecode.swift; path = "UITabbarItem+Ext.swift"; sourceTree = "<group>"; };
		A3BBC33A255AFB350092CFBE /* UIFont+Ext.swift */ = {isa = PBXFileReference; fileEncoding = 4; lastKnownFileType = sourcecode.swift; path = "UIFont+Ext.swift"; sourceTree = "<group>"; };
		A3BBC33B255AFB350092CFBE /* UIApplication+Ext.swift */ = {isa = PBXFileReference; fileEncoding = 4; lastKnownFileType = sourcecode.swift; path = "UIApplication+Ext.swift"; sourceTree = "<group>"; };
		A3BBC33C255AFB350092CFBE /* UITextView+Ext.swift */ = {isa = PBXFileReference; fileEncoding = 4; lastKnownFileType = sourcecode.swift; path = "UITextView+Ext.swift"; sourceTree = "<group>"; };
		A3BBC33D255AFB350092CFBE /* UIImage+Ext.swift */ = {isa = PBXFileReference; fileEncoding = 4; lastKnownFileType = sourcecode.swift; path = "UIImage+Ext.swift"; sourceTree = "<group>"; };
		A3BBC33F255AFB350092CFBE /* Font+Ext.swift */ = {isa = PBXFileReference; fileEncoding = 4; lastKnownFileType = sourcecode.swift; path = "Font+Ext.swift"; sourceTree = "<group>"; };
		A3BBC340255AFB350092CFBE /* String+Ext.swift */ = {isa = PBXFileReference; fileEncoding = 4; lastKnownFileType = sourcecode.swift; path = "String+Ext.swift"; sourceTree = "<group>"; };
		A3BBC341255AFB350092CFBE /* UIColor+Ext.swift */ = {isa = PBXFileReference; fileEncoding = 4; lastKnownFileType = sourcecode.swift; path = "UIColor+Ext.swift"; sourceTree = "<group>"; };
		A3BBC342255AFB350092CFBE /* Color+Ext.swift */ = {isa = PBXFileReference; fileEncoding = 4; lastKnownFileType = sourcecode.swift; path = "Color+Ext.swift"; sourceTree = "<group>"; };
		A3BBC343255AFB350092CFBE /* CAAnimation+Ext.swift */ = {isa = PBXFileReference; fileEncoding = 4; lastKnownFileType = sourcecode.swift; path = "CAAnimation+Ext.swift"; sourceTree = "<group>"; };
		A3BBC344255AFB350092CFBE /* UserDefaults+Ext.swift */ = {isa = PBXFileReference; fileEncoding = 4; lastKnownFileType = sourcecode.swift; path = "UserDefaults+Ext.swift"; sourceTree = "<group>"; };
		A3BBC345255AFB350092CFBE /* UIViewController+Ext.swift */ = {isa = PBXFileReference; fileEncoding = 4; lastKnownFileType = sourcecode.swift; path = "UIViewController+Ext.swift"; sourceTree = "<group>"; };
		A3BBC346255AFB350092CFBE /* UIView+Ext.swift */ = {isa = PBXFileReference; fileEncoding = 4; lastKnownFileType = sourcecode.swift; path = "UIView+Ext.swift"; sourceTree = "<group>"; };
		A3BBC358255AFB5A0092CFBE /* Constants.swift */ = {isa = PBXFileReference; lastKnownFileType = sourcecode.swift; path = Constants.swift; sourceTree = "<group>"; };
		A3BBC35C255AFBA20092CFBE /* BaseNV.swift */ = {isa = PBXFileReference; lastKnownFileType = sourcecode.swift; path = BaseNV.swift; sourceTree = "<group>"; };
		E7066E9FC30ED7BA54B39C03 /* Pods_AmongUs.framework */ = {isa = PBXFileReference; explicitFileType = wrapper.framework; includeInIndex = 0; path = Pods_AmongUs.framework; sourceTree = BUILT_PRODUCTS_DIR; };
		FE916D2E6F7E22972CD56C03 /* Pods-AmongUs.release.xcconfig */ = {isa = PBXFileReference; includeInIndex = 1; lastKnownFileType = text.xcconfig; name = "Pods-AmongUs.release.xcconfig"; path = "Target Support Files/Pods-AmongUs/Pods-AmongUs.release.xcconfig"; sourceTree = "<group>"; };
/* End PBXFileReference section */

/* Begin PBXFrameworksBuildPhase section */
		A3BBC2F7255AF82E0092CFBE /* Frameworks */ = {
			isa = PBXFrameworksBuildPhase;
			buildActionMask = 2147483647;
			files = (
				FD2A0FC251884B631CB00B37 /* Pods_AmongUs.framework in Frameworks */,
			);
			runOnlyForDeploymentPostprocessing = 0;
		};
/* End PBXFrameworksBuildPhase section */

/* Begin PBXGroup section */
		1995E1419E171E057404FD8D /* Pods */ = {
			isa = PBXGroup;
			children = (
				09CAAD2D0D7124DA14EA0445 /* Pods-AmongUs.debug.xcconfig */,
				FE916D2E6F7E22972CD56C03 /* Pods-AmongUs.release.xcconfig */,
			);
			path = Pods;
			sourceTree = "<group>";
		};
		A331B8AB255D29CE00C66A30 /* CreateCharacterCell */ = {
			isa = PBXGroup;
			children = (
				A331B8AF255D2A2000C66A30 /* CreateCharaterCell.swift */,
				A331B8B0255D2A2000C66A30 /* CreateCharaterCell.xib */,
			);
			path = CreateCharacterCell;
			sourceTree = "<group>";
		};
		A331B8AC255D29DA00C66A30 /* CreateTextCell */ = {
			isa = PBXGroup;
			children = (
				A3ADC8382564244F00E38E46 /* CreateTextFontCell */,
				A3ADC8312562D93600E38E46 /* CreateTextColorCell */,
				A331B8B5255D46D100C66A30 /* CreateTextSizeCell */,
			);
			path = CreateTextCell;
			sourceTree = "<group>";
		};
		A331B8AD255D29E500C66A30 /* CreateBackgroundCell */ = {
			isa = PBXGroup;
			children = (
			);
			path = CreateBackgroundCell;
			sourceTree = "<group>";
		};
		A331B8AE255D29ED00C66A30 /* CreateBorderCell */ = {
			isa = PBXGroup;
			children = (
				A3ADC84925657C0000E38E46 /* CreateBorderSizeCell */,
				A3ADC84825657BF700E38E46 /* CreateBorderHeaderCell */,
			);
			path = CreateBorderCell;
			sourceTree = "<group>";
		};
		A331B8B5255D46D100C66A30 /* CreateTextSizeCell */ = {
			isa = PBXGroup;
			children = (
				A331B8B6255D46F000C66A30 /* CreateTextSizeCell.swift */,
				A331B8B7255D46F000C66A30 /* CreateTextSizeCell.xib */,
			);
			path = CreateTextSizeCell;
			sourceTree = "<group>";
		};
		A36020C22568074700B499E9 /* Model */ = {
			isa = PBXGroup;
			children = (
				A36020C32568075A00B499E9 /* BaseModel.swift */,
			);
			path = Model;
			sourceTree = "<group>";
		};
		A360211F2568096D00B499E9 /* API */ = {
			isa = PBXGroup;
			children = (
				A36021202568097A00B499E9 /* BaseAPI.swift */,
			);
			path = API;
			sourceTree = "<group>";
		};
		A3660411255CF561006E8F38 /* HorizontalPickerView */ = {
			isa = PBXGroup;
			children = (
				A3660412255CF591006E8F38 /* HorizontalPickerView.swift */,
			);
			path = HorizontalPickerView;
			sourceTree = "<group>";
		};
		A36C59402568BDE300723936 /* APIs */ = {
			isa = PBXGroup;
			children = (
				A36C59412568BDED00723936 /* APIs.swift */,
			);
			path = APIs;
			sourceTree = "<group>";
		};
		A394CF53255C1C2700C72F7B /* HomeCell */ = {
			isa = PBXGroup;
			children = (
				A394CF56255C1FC600C72F7B /* HomeItemCell */,
				A394CF55255C1FAA00C72F7B /* HomeTitleCell */,
				A394CF54255C1F8500C72F7B /* HomeHeaderCell */,
			);
			path = HomeCell;
			sourceTree = "<group>";
		};
		A394CF54255C1F8500C72F7B /* HomeHeaderCell */ = {
			isa = PBXGroup;
			children = (
				A394CF57255C1FFE00C72F7B /* HomeHeaderCell.swift */,
				A394CF58255C1FFE00C72F7B /* HomeHeaderCell.xib */,
			);
			path = HomeHeaderCell;
			sourceTree = "<group>";
		};
		A394CF55255C1FAA00C72F7B /* HomeTitleCell */ = {
			isa = PBXGroup;
			children = (
				A394CF63255C222A00C72F7B /* HomeTitleCell.swift */,
				A394CF64255C222A00C72F7B /* HomeTitleCell.xib */,
			);
			path = HomeTitleCell;
			sourceTree = "<group>";
		};
		A394CF56255C1FC600C72F7B /* HomeItemCell */ = {
			isa = PBXGroup;
			children = (
				A394CF68255C245400C72F7B /* HomeItemCell.swift */,
				A394CF69255C245400C72F7B /* HomeItemCell.xib */,
			);
			path = HomeItemCell;
			sourceTree = "<group>";
		};
		A394CF5D255C205100C72F7B /* Fonts */ = {
			isa = PBXGroup;
			children = (
				A3A226B6256C118E00F8FA8F /* Baskerville.ttc */,
				A3A226B3256C118E00F8FA8F /* Cardo-Bold.ttf */,
				A3A226A3256C118C00F8FA8F /* CircularStd-Book.otf */,
				A3A226A1256C118C00F8FA8F /* Courgette-Regular.ttf */,
				A3A226A0256C118C00F8FA8F /* CrimsonText-Bold.ttf */,
				A3A226B1256C118E00F8FA8F /* DavidLibre-Bold.ttf */,
				A3A226B5256C118E00F8FA8F /* GloriaHallelujah-Regular.ttf */,
				A3A226AB256C118D00F8FA8F /* GochiHand-Regular.ttf */,
				A3A226A6256C118D00F8FA8F /* GoogleSans-Medium.otf */,
				A3A226A5256C118D00F8FA8F /* Hello Valentina.ttf */,
				A3A226B4256C118E00F8FA8F /* LibreBaskerville-Regular.ttf */,
				A3A226AD256C118D00F8FA8F /* Martel-Regular.ttf */,
				A3A226AC256C118D00F8FA8F /* Montserrat-Bold.ttf */,
				A3A226A2256C118C00F8FA8F /* Montserrat-Regular.ttf */,
				A3A226A8256C118D00F8FA8F /* Neucha-Regular.ttf */,
				A3A226AF256C118E00F8FA8F /* Nunito-Regular.ttf */,
				A3A226A4256C118D00F8FA8F /* Pangolin-Regular.ttf */,
				A3A226B0256C118E00F8FA8F /* PermanentMarker-Regular.ttf */,
				A3A226AE256C118E00F8FA8F /* r0c0i - Linotte Bold.ttf */,
				A3A226B2256C118E00F8FA8F /* Roundo-Regular.ttf */,
				A3A226A7256C118D00F8FA8F /* SalesforceSans-Bold.ttf */,
				A3A226A9256C118D00F8FA8F /* Satisfy-Regular.ttf */,
				A3A226AA256C118D00F8FA8F /* Sparkle Dream.ttf */,
				A394CF5F255C206300C72F7B /* AmaticSC-Bold.ttf */,
				A394CF5E255C206300C72F7B /* AmaticSC-Regular.ttf */,
				A39EEA66255EF3FD00981F62 /* SF-Pro-Text-Bold.otf */,
				A39EEA63255EF3FC00981F62 /* SF-Pro-Text-Heavy.otf */,
				A39EEA64255EF3FC00981F62 /* SF-Pro-Text-Medium.otf */,
				A39EEA67255EF3FD00981F62 /* SF-Pro-Text-Regular.otf */,
				A39EEA65255EF3FC00981F62 /* SF-Pro-Text-Semibold.otf */,
			);
			path = Fonts;
			sourceTree = "<group>";
		};
		A394CF70255C477300C72F7B /* CreateVC */ = {
			isa = PBXGroup;
			children = (
				A3ADC83F2564318600E38E46 /* CreateLineCell */,
				A331B8AB255D29CE00C66A30 /* CreateCharacterCell */,
				A331B8AE255D29ED00C66A30 /* CreateBorderCell */,
				A331B8AD255D29E500C66A30 /* CreateBackgroundCell */,
				A331B8AC255D29DA00C66A30 /* CreateTextCell */,
				A394CF71255C478E00C72F7B /* CreateVC.swift */,
			);
			path = CreateVC;
			sourceTree = "<group>";
		};
		A39EEA54255EDD1600981F62 /* SettingCell */ = {
			isa = PBXGroup;
			children = (
				A39EEA56255EDD3500981F62 /* SettingPremiumCell */,
				A39EEA55255EDD2D00981F62 /* SettingItemCell */,
			);
			path = SettingCell;
			sourceTree = "<group>";
		};
		A39EEA55255EDD2D00981F62 /* SettingItemCell */ = {
			isa = PBXGroup;
			children = (
				A39EEA57255EDE3A00981F62 /* SettingItemCell.swift */,
				A39EEA58255EDE3A00981F62 /* SettingItemCell.xib */,
			);
			path = SettingItemCell;
			sourceTree = "<group>";
		};
		A39EEA56255EDD3500981F62 /* SettingPremiumCell */ = {
			isa = PBXGroup;
			children = (
				A39EEA5D255EDFF300981F62 /* SettingPremiumCell.swift */,
				A39EEA5E255EDFF300981F62 /* SettingPremiumCell.xib */,
			);
			path = SettingPremiumCell;
			sourceTree = "<group>";
		};
		A3ADC8312562D93600E38E46 /* CreateTextColorCell */ = {
			isa = PBXGroup;
			children = (
				A3ADC8322562D95B00E38E46 /* CreateTextColorCell.swift */,
				A3ADC8332562D95B00E38E46 /* CreateTextColorCell.xib */,
			);
			path = CreateTextColorCell;
			sourceTree = "<group>";
		};
		A3ADC8382564244F00E38E46 /* CreateTextFontCell */ = {
			isa = PBXGroup;
			children = (
				A3ADC8392564248700E38E46 /* CreateTextFontCell.swift */,
				A3ADC83A2564248700E38E46 /* CreateTextFontCell.xib */,
			);
			path = CreateTextFontCell;
			sourceTree = "<group>";
		};
		A3ADC83F2564318600E38E46 /* CreateLineCell */ = {
			isa = PBXGroup;
			children = (
				A3ADC840256431AB00E38E46 /* CreateLineCell.swift */,
				A3ADC841256431AB00E38E46 /* CreateLineCell.xib */,
			);
			path = CreateLineCell;
			sourceTree = "<group>";
		};
		A3ADC84825657BF700E38E46 /* CreateBorderHeaderCell */ = {
			isa = PBXGroup;
			children = (
				A3ADC85025657D1800E38E46 /* CreateBorderHeaderCell.swift */,
				A3ADC85125657D1800E38E46 /* CreateBorderHeaderCell.xib */,
			);
			path = CreateBorderHeaderCell;
			sourceTree = "<group>";
		};
		A3ADC84925657C0000E38E46 /* CreateBorderSizeCell */ = {
			isa = PBXGroup;
			children = (
				A3ADC84A25657C1900E38E46 /* CreateBorderSizeCell.swift */,
				A3ADC84B25657C1900E38E46 /* CreateBorderSizeCell.xib */,
			);
			path = CreateBorderSizeCell;
			sourceTree = "<group>";
		};
		A3ADC8552565876200E38E46 /* ResultView */ = {
			isa = PBXGroup;
			children = (
				A3ADC8562565879900E38E46 /* ResultView.swift */,
				A3ADC85A256587A400E38E46 /* ResultView.xib */,
			);
			path = ResultView;
			sourceTree = "<group>";
		};
		A3ADC8C52566BA5A00E38E46 /* PremiumVC */ = {
			isa = PBXGroup;
			children = (
				A3ADC8C62566BA7100E38E46 /* PremiumVC.swift */,
			);
			path = PremiumVC;
			sourceTree = "<group>";
		};
		A3BBC2F1255AF82E0092CFBE = {
			isa = PBXGroup;
			children = (
				A3BBC2FC255AF82E0092CFBE /* AmongUs */,
				A3BBC2FB255AF82E0092CFBE /* Products */,
				1995E1419E171E057404FD8D /* Pods */,
				E42B3A05A025D36C4E68ED10 /* Frameworks */,
			);
			sourceTree = "<group>";
		};
		A3BBC2FB255AF82E0092CFBE /* Products */ = {
			isa = PBXGroup;
			children = (
				A3BBC2FA255AF82E0092CFBE /* AmongUs.app */,
			);
			name = Products;
			sourceTree = "<group>";
		};
		A3BBC2FC255AF82E0092CFBE /* AmongUs */ = {
			isa = PBXGroup;
			children = (
				A36C59402568BDE300723936 /* APIs */,
				A3BBC318255AF8B80092CFBE /* Models */,
				A3BBC317255AF8A00092CFBE /* Storyboards */,
				A3BBC316255AF8990092CFBE /* Helpers */,
				A3BBC315255AF8860092CFBE /* Views */,
				A3BBC314255AF87F0092CFBE /* ViewControllers */,
				A3BBC313255AF8770092CFBE /* Base */,
				A3BBC312255AF86C0092CFBE /* Delegates */,
			);
			path = AmongUs;
			sourceTree = "<group>";
		};
		A3BBC312255AF86C0092CFBE /* Delegates */ = {
			isa = PBXGroup;
			children = (
				A3BBC2FD255AF82E0092CFBE /* AppDelegate.swift */,
				A3BBC2FF255AF82E0092CFBE /* SceneDelegate.swift */,
			);
			path = Delegates;
			sourceTree = "<group>";
		};
		A3BBC313255AF8770092CFBE /* Base */ = {
			isa = PBXGroup;
			children = (
				A360211F2568096D00B499E9 /* API */,
				A36020C22568074700B499E9 /* Model */,
				A3BBC31F255AF92C0092CFBE /* NavigationController */,
				A3BBC31E255AF9260092CFBE /* TabbarController */,
				A3BBC31D255AF91C0092CFBE /* ViewController */,
			);
			path = Base;
			sourceTree = "<group>";
		};
		A3BBC314255AF87F0092CFBE /* ViewControllers */ = {
			isa = PBXGroup;
			children = (
				A3ADC8C52566BA5A00E38E46 /* PremiumVC */,
				A394CF70255C477300C72F7B /* CreateVC */,
				A3BBC323255AF95F0092CFBE /* SettingVC */,
				A3BBC322255AF95A0092CFBE /* StickerVC */,
				A3BBC321255AF9500092CFBE /* WallpaperVC */,
				A3BBC320255AF9440092CFBE /* HomeVC */,
			);
			path = ViewControllers;
			sourceTree = "<group>";
		};
		A3BBC315255AF8860092CFBE /* Views */ = {
			isa = PBXGroup;
			children = (
				A3ADC8552565876200E38E46 /* ResultView */,
				A3660411255CF561006E8F38 /* HorizontalPickerView */,
			);
			path = Views;
			sourceTree = "<group>";
		};
		A3BBC316255AF8990092CFBE /* Helpers */ = {
			isa = PBXGroup;
			children = (
				A394CF5D255C205100C72F7B /* Fonts */,
				A3BBC357255AFB4A0092CFBE /* Manager */,
				A3BBC337255AFB350092CFBE /* Extensions */,
				A3BBC31C255AF8E80092CFBE /* Plists */,
				A3BBC31B255AF8CF0092CFBE /* Assets */,
			);
			path = Helpers;
			sourceTree = "<group>";
		};
		A3BBC317255AF8A00092CFBE /* Storyboards */ = {
			isa = PBXGroup;
			children = (
				A3BBC303255AF82E0092CFBE /* Main.storyboard */,
				A3BBC308255AF82F0092CFBE /* LaunchScreen.storyboard */,
			);
			path = Storyboards;
			sourceTree = "<group>";
		};
		A3BBC318255AF8B80092CFBE /* Models */ = {
			isa = PBXGroup;
			children = (
				A360212B2568164900B499E9 /* IconModel.swift */,
				A36C593D2568B94D00723936 /* EmptyModel.swift */,
			);
			path = Models;
			sourceTree = "<group>";
		};
		A3BBC31B255AF8CF0092CFBE /* Assets */ = {
			isa = PBXGroup;
			children = (
				A3BBC306255AF82F0092CFBE /* Assets.xcassets */,
			);
			path = Assets;
			sourceTree = "<group>";
		};
		A3BBC31C255AF8E80092CFBE /* Plists */ = {
			isa = PBXGroup;
			children = (
				A3BBC30B255AF82F0092CFBE /* Info.plist */,
			);
			path = Plists;
			sourceTree = "<group>";
		};
		A3BBC31D255AF91C0092CFBE /* ViewController */ = {
			isa = PBXGroup;
			children = (
				A3BBC331255AFA730092CFBE /* BaseVC.swift */,
			);
			path = ViewController;
			sourceTree = "<group>";
		};
		A3BBC31E255AF9260092CFBE /* TabbarController */ = {
			isa = PBXGroup;
			children = (
				A3BBC334255AFA8D0092CFBE /* BaseTabbar.swift */,
			);
			path = TabbarController;
			sourceTree = "<group>";
		};
		A3BBC31F255AF92C0092CFBE /* NavigationController */ = {
			isa = PBXGroup;
			children = (
				A3BBC35C255AFBA20092CFBE /* BaseNV.swift */,
			);
			path = NavigationController;
			sourceTree = "<group>";
		};
		A3BBC320255AF9440092CFBE /* HomeVC */ = {
			isa = PBXGroup;
			children = (
				A394CF53255C1C2700C72F7B /* HomeCell */,
				A3BBC325255AFA1A0092CFBE /* HomeVC.swift */,
			);
			path = HomeVC;
			sourceTree = "<group>";
		};
		A3BBC321255AF9500092CFBE /* WallpaperVC */ = {
			isa = PBXGroup;
			children = (
				A3BBC328255AFA280092CFBE /* WallpaperVC.swift */,
			);
			path = WallpaperVC;
			sourceTree = "<group>";
		};
		A3BBC322255AF95A0092CFBE /* StickerVC */ = {
			isa = PBXGroup;
			children = (
				A3BBC32B255AFA320092CFBE /* StickerVC.swift */,
			);
			path = StickerVC;
			sourceTree = "<group>";
		};
		A3BBC323255AF95F0092CFBE /* SettingVC */ = {
			isa = PBXGroup;
			children = (
				A39EEA54255EDD1600981F62 /* SettingCell */,
				A3BBC32E255AFA430092CFBE /* SettingVC.swift */,
			);
			path = SettingVC;
			sourceTree = "<group>";
		};
		A3BBC337255AFB350092CFBE /* Extensions */ = {
			isa = PBXGroup;
			children = (
				A3BBC338255AFB350092CFBE /* IBDesignable+Ext.swift */,
				A3BBC339255AFB350092CFBE /* UITabbarItem+Ext.swift */,
				A3BBC33A255AFB350092CFBE /* UIFont+Ext.swift */,
				A3BBC33B255AFB350092CFBE /* UIApplication+Ext.swift */,
				A3BBC33C255AFB350092CFBE /* UITextView+Ext.swift */,
				A3BBC33D255AFB350092CFBE /* UIImage+Ext.swift */,
				A3BBC33F255AFB350092CFBE /* Font+Ext.swift */,
				A3BBC340255AFB350092CFBE /* String+Ext.swift */,
				A3BBC341255AFB350092CFBE /* UIColor+Ext.swift */,
				A3BBC342255AFB350092CFBE /* Color+Ext.swift */,
				A3BBC343255AFB350092CFBE /* CAAnimation+Ext.swift */,
				A3BBC344255AFB350092CFBE /* UserDefaults+Ext.swift */,
				A3BBC345255AFB350092CFBE /* UIViewController+Ext.swift */,
				A3BBC346255AFB350092CFBE /* UIView+Ext.swift */,
			);
			path = Extensions;
			sourceTree = "<group>";
		};
		A3BBC357255AFB4A0092CFBE /* Manager */ = {
			isa = PBXGroup;
			children = (
				A3BBC358255AFB5A0092CFBE /* Constants.swift */,
				A3A22697256AC29400F8FA8F /* Utils.swift */,
			);
			path = Manager;
			sourceTree = "<group>";
		};
		E42B3A05A025D36C4E68ED10 /* Frameworks */ = {
			isa = PBXGroup;
			children = (
				E7066E9FC30ED7BA54B39C03 /* Pods_AmongUs.framework */,
			);
			name = Frameworks;
			sourceTree = "<group>";
		};
/* End PBXGroup section */

/* Begin PBXNativeTarget section */
		A3BBC2F9255AF82E0092CFBE /* AmongUs */ = {
			isa = PBXNativeTarget;
			buildConfigurationList = A3BBC30E255AF82F0092CFBE /* Build configuration list for PBXNativeTarget "AmongUs" */;
			buildPhases = (
				A613FC1C32BC2E3C5B5DBAF4 /* [CP] Check Pods Manifest.lock */,
				A3BBC2F6255AF82E0092CFBE /* Sources */,
				A3BBC2F7255AF82E0092CFBE /* Frameworks */,
				A3BBC2F8255AF82E0092CFBE /* Resources */,
				5BAB744D38D98E3547C006F7 /* [CP] Embed Pods Frameworks */,
			);
			buildRules = (
			);
			dependencies = (
			);
			name = AmongUs;
			productName = AmongUs;
			productReference = A3BBC2FA255AF82E0092CFBE /* AmongUs.app */;
			productType = "com.apple.product-type.application";
		};
/* End PBXNativeTarget section */

/* Begin PBXProject section */
		A3BBC2F2255AF82E0092CFBE /* Project object */ = {
			isa = PBXProject;
			attributes = {
				LastSwiftUpdateCheck = 1210;
				LastUpgradeCheck = 1210;
				TargetAttributes = {
					A3BBC2F9255AF82E0092CFBE = {
						CreatedOnToolsVersion = 12.1;
					};
				};
			};
			buildConfigurationList = A3BBC2F5255AF82E0092CFBE /* Build configuration list for PBXProject "AmongUs" */;
			compatibilityVersion = "Xcode 9.3";
			developmentRegion = en;
			hasScannedForEncodings = 0;
			knownRegions = (
				en,
				Base,
			);
			mainGroup = A3BBC2F1255AF82E0092CFBE;
			productRefGroup = A3BBC2FB255AF82E0092CFBE /* Products */;
			projectDirPath = "";
			projectRoot = "";
			targets = (
				A3BBC2F9255AF82E0092CFBE /* AmongUs */,
			);
		};
/* End PBXProject section */

/* Begin PBXResourcesBuildPhase section */
		A3BBC2F8255AF82E0092CFBE /* Resources */ = {
			isa = PBXResourcesBuildPhase;
			buildActionMask = 2147483647;
			files = (
				A3A226CB256C118E00F8FA8F /* Cardo-Bold.ttf in Resources */,
				A3ADC83C2564248700E38E46 /* CreateTextFontCell.xib in Resources */,
				A3A226CE256C118E00F8FA8F /* Baskerville.ttc in Resources */,
				A3A226C5256C118E00F8FA8F /* Martel-Regular.ttf in Resources */,
				A3A226C0256C118E00F8FA8F /* Neucha-Regular.ttf in Resources */,
				A3A226BB256C118E00F8FA8F /* CircularStd-Book.otf in Resources */,
				A39EEA68255EF3FD00981F62 /* SF-Pro-Text-Heavy.otf in Resources */,
				A394CF66255C222A00C72F7B /* HomeTitleCell.xib in Resources */,
				A3ADC8352562D95B00E38E46 /* CreateTextColorCell.xib in Resources */,
				A3A226C6256C118E00F8FA8F /* r0c0i - Linotte Bold.ttf in Resources */,
				A3ADC84D25657C1900E38E46 /* CreateBorderSizeCell.xib in Resources */,
				A3ADC85B256587A400E38E46 /* ResultView.xib in Resources */,
				A3A226BA256C118E00F8FA8F /* Montserrat-Regular.ttf in Resources */,
				A3A226B8256C118E00F8FA8F /* CrimsonText-Bold.ttf in Resources */,
				A39EEA6B255EF3FD00981F62 /* SF-Pro-Text-Bold.otf in Resources */,
				A394CF6B255C245400C72F7B /* HomeItemCell.xib in Resources */,
				A3A226BC256C118E00F8FA8F /* Pangolin-Regular.ttf in Resources */,
				A3A226BE256C118E00F8FA8F /* GoogleSans-Medium.otf in Resources */,
				A394CF60255C206300C72F7B /* AmaticSC-Regular.ttf in Resources */,
				A3BBC30A255AF82F0092CFBE /* LaunchScreen.storyboard in Resources */,
				A3A226C8256C118E00F8FA8F /* PermanentMarker-Regular.ttf in Resources */,
				A39EEA60255EDFF300981F62 /* SettingPremiumCell.xib in Resources */,
				A39EEA5A255EDE3A00981F62 /* SettingItemCell.xib in Resources */,
				A3A226C9256C118E00F8FA8F /* DavidLibre-Bold.ttf in Resources */,
				A3A226C3256C118E00F8FA8F /* GochiHand-Regular.ttf in Resources */,
				A3A226C1256C118E00F8FA8F /* Satisfy-Regular.ttf in Resources */,
				A394CF5A255C1FFE00C72F7B /* HomeHeaderCell.xib in Resources */,
				A331B8B9255D46F000C66A30 /* CreateTextSizeCell.xib in Resources */,
				A3BBC307255AF82F0092CFBE /* Assets.xcassets in Resources */,
				A331B8B2255D2A2000C66A30 /* CreateCharaterCell.xib in Resources */,
				A3A226B9256C118E00F8FA8F /* Courgette-Regular.ttf in Resources */,
				A3A226C2256C118E00F8FA8F /* Sparkle Dream.ttf in Resources */,
				A394CF61255C206300C72F7B /* AmaticSC-Bold.ttf in Resources */,
				A3ADC85325657D1900E38E46 /* CreateBorderHeaderCell.xib in Resources */,
				A3A226CC256C118E00F8FA8F /* LibreBaskerville-Regular.ttf in Resources */,
				A3ADC843256431AB00E38E46 /* CreateLineCell.xib in Resources */,
				A39EEA6C255EF3FD00981F62 /* SF-Pro-Text-Regular.otf in Resources */,
				A3A226CA256C118E00F8FA8F /* Roundo-Regular.ttf in Resources */,
				A3A226BD256C118E00F8FA8F /* Hello Valentina.ttf in Resources */,
				A3A226BF256C118E00F8FA8F /* SalesforceSans-Bold.ttf in Resources */,
				A3A226C4256C118E00F8FA8F /* Montserrat-Bold.ttf in Resources */,
				A3A226CD256C118E00F8FA8F /* GloriaHallelujah-Regular.ttf in Resources */,
				A39EEA6A255EF3FD00981F62 /* SF-Pro-Text-Semibold.otf in Resources */,
				A3A226C7256C118E00F8FA8F /* Nunito-Regular.ttf in Resources */,
				A39EEA69255EF3FD00981F62 /* SF-Pro-Text-Medium.otf in Resources */,
				A3BBC305255AF82E0092CFBE /* Main.storyboard in Resources */,
			);
			runOnlyForDeploymentPostprocessing = 0;
		};
/* End PBXResourcesBuildPhase section */

/* Begin PBXShellScriptBuildPhase section */
		5BAB744D38D98E3547C006F7 /* [CP] Embed Pods Frameworks */ = {
			isa = PBXShellScriptBuildPhase;
			buildActionMask = 2147483647;
			files = (
			);
			inputFileListPaths = (
				"${PODS_ROOT}/Target Support Files/Pods-AmongUs/Pods-AmongUs-frameworks-${CONFIGURATION}-input-files.xcfilelist",
			);
			name = "[CP] Embed Pods Frameworks";
			outputFileListPaths = (
				"${PODS_ROOT}/Target Support Files/Pods-AmongUs/Pods-AmongUs-frameworks-${CONFIGURATION}-output-files.xcfilelist",
			);
			runOnlyForDeploymentPostprocessing = 0;
			shellPath = /bin/sh;
			shellScript = "\"${PODS_ROOT}/Target Support Files/Pods-AmongUs/Pods-AmongUs-frameworks.sh\"\n";
			showEnvVarsInLog = 0;
		};
		A613FC1C32BC2E3C5B5DBAF4 /* [CP] Check Pods Manifest.lock */ = {
			isa = PBXShellScriptBuildPhase;
			buildActionMask = 2147483647;
			files = (
			);
			inputFileListPaths = (
			);
			inputPaths = (
				"${PODS_PODFILE_DIR_PATH}/Podfile.lock",
				"${PODS_ROOT}/Manifest.lock",
			);
			name = "[CP] Check Pods Manifest.lock";
			outputFileListPaths = (
			);
			outputPaths = (
				"$(DERIVED_FILE_DIR)/Pods-AmongUs-checkManifestLockResult.txt",
			);
			runOnlyForDeploymentPostprocessing = 0;
			shellPath = /bin/sh;
			shellScript = "diff \"${PODS_PODFILE_DIR_PATH}/Podfile.lock\" \"${PODS_ROOT}/Manifest.lock\" > /dev/null\nif [ $? != 0 ] ; then\n    # print error to STDERR\n    echo \"error: The sandbox is not in sync with the Podfile.lock. Run 'pod install' or update your CocoaPods installation.\" >&2\n    exit 1\nfi\n# This output is used by Xcode 'outputs' to avoid re-running this script phase.\necho \"SUCCESS\" > \"${SCRIPT_OUTPUT_FILE_0}\"\n";
			showEnvVarsInLog = 0;
		};
/* End PBXShellScriptBuildPhase section */

/* Begin PBXSourcesBuildPhase section */
		A3BBC2F6255AF82E0092CFBE /* Sources */ = {
			isa = PBXSourcesBuildPhase;
			buildActionMask = 2147483647;
			files = (
				A3BBC326255AFA1A0092CFBE /* HomeVC.swift in Sources */,
				A3BBC32F255AFA430092CFBE /* SettingVC.swift in Sources */,
				A3ADC85225657D1800E38E46 /* CreateBorderHeaderCell.swift in Sources */,
				A3BBC349255AFB350092CFBE /* UIFont+Ext.swift in Sources */,
				A331B8B1255D2A2000C66A30 /* CreateCharaterCell.swift in Sources */,
				A394CF59255C1FFE00C72F7B /* HomeHeaderCell.swift in Sources */,
				A3BBC34F255AFB350092CFBE /* String+Ext.swift in Sources */,
				A3BBC352255AFB350092CFBE /* CAAnimation+Ext.swift in Sources */,
				A3ADC83B2564248700E38E46 /* CreateTextFontCell.swift in Sources */,
				A3BBC348255AFB350092CFBE /* UITabbarItem+Ext.swift in Sources */,
				A3BBC34A255AFB350092CFBE /* UIApplication+Ext.swift in Sources */,
				A3BBC34B255AFB350092CFBE /* UITextView+Ext.swift in Sources */,
				A3ADC842256431AB00E38E46 /* CreateLineCell.swift in Sources */,
				A3BBC335255AFA8D0092CFBE /* BaseTabbar.swift in Sources */,
				A394CF72255C478E00C72F7B /* CreateVC.swift in Sources */,
				A3A22698256AC29400F8FA8F /* Utils.swift in Sources */,
				A3BBC34C255AFB350092CFBE /* UIImage+Ext.swift in Sources */,
				A3BBC329255AFA280092CFBE /* WallpaperVC.swift in Sources */,
				A3BBC35D255AFBA20092CFBE /* BaseNV.swift in Sources */,
				A3BBC355255AFB350092CFBE /* UIView+Ext.swift in Sources */,
				A360212C2568164900B499E9 /* IconModel.swift in Sources */,
				A3ADC84C25657C1900E38E46 /* CreateBorderSizeCell.swift in Sources */,
				A3ADC8572565879900E38E46 /* ResultView.swift in Sources */,
				A36020C42568075A00B499E9 /* BaseModel.swift in Sources */,
				A39EEA5F255EDFF300981F62 /* SettingPremiumCell.swift in Sources */,
				A3BBC32C255AFA330092CFBE /* StickerVC.swift in Sources */,
				A3BBC2FE255AF82E0092CFBE /* AppDelegate.swift in Sources */,
				A3BBC354255AFB350092CFBE /* UIViewController+Ext.swift in Sources */,
				A36C593E2568B94D00723936 /* EmptyModel.swift in Sources */,
				A3BBC34E255AFB350092CFBE /* Font+Ext.swift in Sources */,
				A36021212568097A00B499E9 /* BaseAPI.swift in Sources */,
				A3ADC8C72566BA7100E38E46 /* PremiumVC.swift in Sources */,
				A3660413255CF591006E8F38 /* HorizontalPickerView.swift in Sources */,
				A394CF6A255C245400C72F7B /* HomeItemCell.swift in Sources */,
				A3BBC332255AFA730092CFBE /* BaseVC.swift in Sources */,
				A3BBC350255AFB350092CFBE /* UIColor+Ext.swift in Sources */,
				A3BBC347255AFB350092CFBE /* IBDesignable+Ext.swift in Sources */,
				A3BBC351255AFB350092CFBE /* Color+Ext.swift in Sources */,
				A3BBC300255AF82E0092CFBE /* SceneDelegate.swift in Sources */,
				A3ADC8342562D95B00E38E46 /* CreateTextColorCell.swift in Sources */,
				A331B8B8255D46F000C66A30 /* CreateTextSizeCell.swift in Sources */,
				A3BBC353255AFB350092CFBE /* UserDefaults+Ext.swift in Sources */,
				A39EEA59255EDE3A00981F62 /* SettingItemCell.swift in Sources */,
				A3BBC359255AFB5A0092CFBE /* Constants.swift in Sources */,
				A36C59422568BDED00723936 /* APIs.swift in Sources */,
				A394CF65255C222A00C72F7B /* HomeTitleCell.swift in Sources */,
			);
			runOnlyForDeploymentPostprocessing = 0;
		};
/* End PBXSourcesBuildPhase section */

/* Begin PBXVariantGroup section */
		A3BBC303255AF82E0092CFBE /* Main.storyboard */ = {
			isa = PBXVariantGroup;
			children = (
				A3BBC304255AF82E0092CFBE /* Base */,
			);
			name = Main.storyboard;
			sourceTree = "<group>";
		};
		A3BBC308255AF82F0092CFBE /* LaunchScreen.storyboard */ = {
			isa = PBXVariantGroup;
			children = (
				A3BBC309255AF82F0092CFBE /* Base */,
			);
			name = LaunchScreen.storyboard;
			sourceTree = "<group>";
		};
/* End PBXVariantGroup section */

/* Begin XCBuildConfiguration section */
		A3BBC30C255AF82F0092CFBE /* Debug */ = {
			isa = XCBuildConfiguration;
			buildSettings = {
				ALWAYS_SEARCH_USER_PATHS = NO;
				CLANG_ANALYZER_NONNULL = YES;
				CLANG_ANALYZER_NUMBER_OBJECT_CONVERSION = YES_AGGRESSIVE;
				CLANG_CXX_LANGUAGE_STANDARD = "gnu++14";
				CLANG_CXX_LIBRARY = "libc++";
				CLANG_ENABLE_MODULES = YES;
				CLANG_ENABLE_OBJC_ARC = YES;
				CLANG_ENABLE_OBJC_WEAK = YES;
				CLANG_WARN_BLOCK_CAPTURE_AUTORELEASING = YES;
				CLANG_WARN_BOOL_CONVERSION = YES;
				CLANG_WARN_COMMA = YES;
				CLANG_WARN_CONSTANT_CONVERSION = YES;
				CLANG_WARN_DEPRECATED_OBJC_IMPLEMENTATIONS = YES;
				CLANG_WARN_DIRECT_OBJC_ISA_USAGE = YES_ERROR;
				CLANG_WARN_DOCUMENTATION_COMMENTS = YES;
				CLANG_WARN_EMPTY_BODY = YES;
				CLANG_WARN_ENUM_CONVERSION = YES;
				CLANG_WARN_INFINITE_RECURSION = YES;
				CLANG_WARN_INT_CONVERSION = YES;
				CLANG_WARN_NON_LITERAL_NULL_CONVERSION = YES;
				CLANG_WARN_OBJC_IMPLICIT_RETAIN_SELF = YES;
				CLANG_WARN_OBJC_LITERAL_CONVERSION = YES;
				CLANG_WARN_OBJC_ROOT_CLASS = YES_ERROR;
				CLANG_WARN_QUOTED_INCLUDE_IN_FRAMEWORK_HEADER = YES;
				CLANG_WARN_RANGE_LOOP_ANALYSIS = YES;
				CLANG_WARN_STRICT_PROTOTYPES = YES;
				CLANG_WARN_SUSPICIOUS_MOVE = YES;
				CLANG_WARN_UNGUARDED_AVAILABILITY = YES_AGGRESSIVE;
				CLANG_WARN_UNREACHABLE_CODE = YES;
				CLANG_WARN__DUPLICATE_METHOD_MATCH = YES;
				COPY_PHASE_STRIP = NO;
				DEBUG_INFORMATION_FORMAT = dwarf;
				ENABLE_STRICT_OBJC_MSGSEND = YES;
				ENABLE_TESTABILITY = YES;
				GCC_C_LANGUAGE_STANDARD = gnu11;
				GCC_DYNAMIC_NO_PIC = NO;
				GCC_NO_COMMON_BLOCKS = YES;
				GCC_OPTIMIZATION_LEVEL = 0;
				GCC_PREPROCESSOR_DEFINITIONS = (
					"DEBUG=1",
					"$(inherited)",
				);
				GCC_WARN_64_TO_32_BIT_CONVERSION = YES;
				GCC_WARN_ABOUT_RETURN_TYPE = YES_ERROR;
				GCC_WARN_UNDECLARED_SELECTOR = YES;
				GCC_WARN_UNINITIALIZED_AUTOS = YES_AGGRESSIVE;
				GCC_WARN_UNUSED_FUNCTION = YES;
				GCC_WARN_UNUSED_VARIABLE = YES;
				IPHONEOS_DEPLOYMENT_TARGET = 14.0;
				MTL_ENABLE_DEBUG_INFO = INCLUDE_SOURCE;
				MTL_FAST_MATH = YES;
				ONLY_ACTIVE_ARCH = YES;
				SDKROOT = iphoneos;
				SWIFT_ACTIVE_COMPILATION_CONDITIONS = DEBUG;
				SWIFT_OPTIMIZATION_LEVEL = "-Onone";
			};
			name = Debug;
		};
		A3BBC30D255AF82F0092CFBE /* Release */ = {
			isa = XCBuildConfiguration;
			buildSettings = {
				ALWAYS_SEARCH_USER_PATHS = NO;
				CLANG_ANALYZER_NONNULL = YES;
				CLANG_ANALYZER_NUMBER_OBJECT_CONVERSION = YES_AGGRESSIVE;
				CLANG_CXX_LANGUAGE_STANDARD = "gnu++14";
				CLANG_CXX_LIBRARY = "libc++";
				CLANG_ENABLE_MODULES = YES;
				CLANG_ENABLE_OBJC_ARC = YES;
				CLANG_ENABLE_OBJC_WEAK = YES;
				CLANG_WARN_BLOCK_CAPTURE_AUTORELEASING = YES;
				CLANG_WARN_BOOL_CONVERSION = YES;
				CLANG_WARN_COMMA = YES;
				CLANG_WARN_CONSTANT_CONVERSION = YES;
				CLANG_WARN_DEPRECATED_OBJC_IMPLEMENTATIONS = YES;
				CLANG_WARN_DIRECT_OBJC_ISA_USAGE = YES_ERROR;
				CLANG_WARN_DOCUMENTATION_COMMENTS = YES;
				CLANG_WARN_EMPTY_BODY = YES;
				CLANG_WARN_ENUM_CONVERSION = YES;
				CLANG_WARN_INFINITE_RECURSION = YES;
				CLANG_WARN_INT_CONVERSION = YES;
				CLANG_WARN_NON_LITERAL_NULL_CONVERSION = YES;
				CLANG_WARN_OBJC_IMPLICIT_RETAIN_SELF = YES;
				CLANG_WARN_OBJC_LITERAL_CONVERSION = YES;
				CLANG_WARN_OBJC_ROOT_CLASS = YES_ERROR;
				CLANG_WARN_QUOTED_INCLUDE_IN_FRAMEWORK_HEADER = YES;
				CLANG_WARN_RANGE_LOOP_ANALYSIS = YES;
				CLANG_WARN_STRICT_PROTOTYPES = YES;
				CLANG_WARN_SUSPICIOUS_MOVE = YES;
				CLANG_WARN_UNGUARDED_AVAILABILITY = YES_AGGRESSIVE;
				CLANG_WARN_UNREACHABLE_CODE = YES;
				CLANG_WARN__DUPLICATE_METHOD_MATCH = YES;
				COPY_PHASE_STRIP = NO;
				DEBUG_INFORMATION_FORMAT = "dwarf-with-dsym";
				ENABLE_NS_ASSERTIONS = NO;
				ENABLE_STRICT_OBJC_MSGSEND = YES;
				GCC_C_LANGUAGE_STANDARD = gnu11;
				GCC_NO_COMMON_BLOCKS = YES;
				GCC_WARN_64_TO_32_BIT_CONVERSION = YES;
				GCC_WARN_ABOUT_RETURN_TYPE = YES_ERROR;
				GCC_WARN_UNDECLARED_SELECTOR = YES;
				GCC_WARN_UNINITIALIZED_AUTOS = YES_AGGRESSIVE;
				GCC_WARN_UNUSED_FUNCTION = YES;
				GCC_WARN_UNUSED_VARIABLE = YES;
				IPHONEOS_DEPLOYMENT_TARGET = 14.0;
				MTL_ENABLE_DEBUG_INFO = NO;
				MTL_FAST_MATH = YES;
				SDKROOT = iphoneos;
				SWIFT_COMPILATION_MODE = wholemodule;
				SWIFT_OPTIMIZATION_LEVEL = "-O";
				VALIDATE_PRODUCT = YES;
			};
			name = Release;
		};
		A3BBC30F255AF82F0092CFBE /* Debug */ = {
			isa = XCBuildConfiguration;
			baseConfigurationReference = 09CAAD2D0D7124DA14EA0445 /* Pods-AmongUs.debug.xcconfig */;
			buildSettings = {
				ASSETCATALOG_COMPILER_APPICON_NAME = AppIcon;
				ASSETCATALOG_COMPILER_GLOBAL_ACCENT_COLOR_NAME = AccentColor;
				CODE_SIGN_STYLE = Automatic;
				DEVELOPMENT_ASSET_PATHS = AmongUs/Helpers/Assets/Assets.xcassets;
				DEVELOPMENT_TEAM = NHTJ2N482N;
				INFOPLIST_FILE = AmongUs/Helpers/Plists/Info.plist;
				LD_RUNPATH_SEARCH_PATHS = (
					"$(inherited)",
					"@executable_path/Frameworks",
				);
				PRODUCT_BUNDLE_IDENTIFIER = com.rum.wallpaper.AmongUs;
				PRODUCT_NAME = "$(TARGET_NAME)";
				SWIFT_VERSION = 5.0;
				TARGETED_DEVICE_FAMILY = 1;
			};
			name = Debug;
		};
		A3BBC310255AF82F0092CFBE /* Release */ = {
			isa = XCBuildConfiguration;
			baseConfigurationReference = FE916D2E6F7E22972CD56C03 /* Pods-AmongUs.release.xcconfig */;
			buildSettings = {
				ASSETCATALOG_COMPILER_APPICON_NAME = AppIcon;
				ASSETCATALOG_COMPILER_GLOBAL_ACCENT_COLOR_NAME = AccentColor;
				CODE_SIGN_STYLE = Automatic;
				DEVELOPMENT_ASSET_PATHS = AmongUs/Helpers/Assets/Assets.xcassets;
				DEVELOPMENT_TEAM = NHTJ2N482N;
				INFOPLIST_FILE = AmongUs/Helpers/Plists/Info.plist;
				LD_RUNPATH_SEARCH_PATHS = (
					"$(inherited)",
					"@executable_path/Frameworks",
				);
				PRODUCT_BUNDLE_IDENTIFIER = com.rum.wallpaper.AmongUs;
				PRODUCT_NAME = "$(TARGET_NAME)";
				SWIFT_VERSION = 5.0;
				TARGETED_DEVICE_FAMILY = 1;
			};
			name = Release;
		};
/* End XCBuildConfiguration section */

/* Begin XCConfigurationList section */
		A3BBC2F5255AF82E0092CFBE /* Build configuration list for PBXProject "AmongUs" */ = {
			isa = XCConfigurationList;
			buildConfigurations = (
				A3BBC30C255AF82F0092CFBE /* Debug */,
				A3BBC30D255AF82F0092CFBE /* Release */,
			);
			defaultConfigurationIsVisible = 0;
			defaultConfigurationName = Release;
		};
		A3BBC30E255AF82F0092CFBE /* Build configuration list for PBXNativeTarget "AmongUs" */ = {
			isa = XCConfigurationList;
			buildConfigurations = (
				A3BBC30F255AF82F0092CFBE /* Debug */,
				A3BBC310255AF82F0092CFBE /* Release */,
			);
			defaultConfigurationIsVisible = 0;
			defaultConfigurationName = Release;
		};
/* End XCConfigurationList section */
	};
	rootObject = A3BBC2F2255AF82E0092CFBE /* Project object */;
}
